Microsoft Visual Studio Solution File, Format Version 11.00
# Visual Studio 2008

Project("{FFD7324B-B577-7604-290F-A23DDDFBEF80}") = "ExampleGame3D", "Assembly-CSharp-firstpass.csproj", "{98AB84E4-5A21-4287-B672-ED9F9DF68835}"
EndProject
Project("{FFD7324B-B577-7604-290F-A23DDDFBEF80}") = "ExampleGame3D", "Assembly-CSharp.csproj", "{8FD5A5B8-E9CD-6C7A-6F5B-5361E2CB3107}"
EndProject
Project("{FFD7324B-B577-7604-290F-A23DDDFBEF80}") = "ExampleGame3D", "Assembly-CSharp-Editor.csproj", "{9C50DE24-5C3B-9A2E-E949-5B1C971343A5}"
EndProject
Global
	GlobalSection(SolutionConfigurationPlatforms) = preSolution
		Debug|Any CPU = Debug|Any CPU
		Release|Any CPU = Release|Any CPU
	EndGlobalSection
	GlobalSection(ProjectConfigurationPlatforms) = postSolution
		{98AB84E4-5A21-4287-B672-ED9F9DF68835}.Debug|Any CPU.ActiveCfg = Debug|Any CPU
		{98AB84E4-5A21-4287-B672-ED9F9DF68835}.Debug|Any CPU.Build.0 = Debug|Any CPU
		{98AB84E4-5A21-4287-B672-ED9F9DF68835}.Release|Any CPU.ActiveCfg = Release|Any CPU
		{98AB84E4-5A21-4287-B672-ED9F9DF68835}.Release|Any CPU.Build.0 = Release|Any CPU
		{8FD5A5B8-E9CD-6C7A-6F5B-5361E2CB3107}.Debug|Any CPU.ActiveCfg = Debug|Any CPU
		{8FD5A5B8-E9CD-6C7A-6F5B-5361E2CB3107}.Debug|Any CPU.Build.0 = Debug|Any CPU
		{8FD5A5B8-E9CD-6C7A-6F5B-5361E2CB3107}.Release|Any CPU.ActiveCfg = Release|Any CPU
		{8FD5A5B8-E9CD-6C7A-6F5B-5361E2CB3107}.Release|Any CPU.Build.0 = Release|Any CPU
		{9C50DE24-5C3B-9A2E-E949-5B1C971343A5}.Debug|Any CPU.ActiveCfg = Debug|Any CPU
		{9C50DE24-5C3B-9A2E-E949-5B1C971343A5}.Debug|Any CPU.Build.0 = Debug|Any CPU
		{9C50DE24-5C3B-9A2E-E949-5B1C971343A5}.Release|Any CPU.ActiveCfg = Release|Any CPU
		{9C50DE24-5C3B-9A2E-E949-5B1C971343A5}.Release|Any CPU.Build.0 = Release|Any CPU
	EndGlobalSection
	GlobalSection(SolutionProperties) = preSolution
		HideSolutionNode = FALSE
	EndGlobalSection
												GlobalSection(MonoDevelopProperties) = preSolution
		StartupItem = Assembly-CSharp.csproj
		Policies = $0
		$0.TextStylePolicy = $1
		$1.inheritsSet = null
		$1.scope = text/x-csharp
		$0.CSharpFormattingPolicy = $2
		$2.inheritsSet = Mono
		$2.inheritsScope = text/x-csharp
		$2.scope = text/x-csharp
		$0.TextStylePolicy = $3
		$3.FileWidth = 120
		$3.TabWidth = 4
		$3.IndentWidth = 4
		$3.EolMarker = Unix
		$3.inheritsSet = Mono
		$3.inheritsScope = text/plain
		$3.scope = text/plain
	EndGlobalSection

EndGlobal
